
Microsoft Visual Studio Solution File, Format Version 12.00
# Visual Studio Version 16
VisualStudioVersion = 16.0.30309.148
MinimumVisualStudioVersion = 10.0.40219.1
Project("{FAE04EC0-301F-11D3-BF4B-00C04F79EFBC}") = "MU", "MU.csproj", "{48A0AB71-5F02-457D-8CD6-4D0103B40827}"
EndProject
Global
	GlobalSection(SolutionConfigurationPlatforms) = preSolution
		Debug|Any CPU = Debug|Any CPU
		Release|Any CPU = Release|Any CPU
	EndGlobalSection
	GlobalSection(ProjectConfigurationPlatforms) = postSolution
		{48A0AB71-5F02-457D-8CD6-4D0103B40827}.Debug|Any CPU.ActiveCfg = Debug|Any CPU
		{48A0AB71-5F02-457D-8CD6-4D0103B40827}.Debug|Any CPU.Build.0 = Debug|Any CPU
		{48A0AB71-5F02-457D-8CD6-4D0103B40827}.Release|Any CPU.ActiveCfg = Release|Any CPU
		{48A0AB71-5F02-457D-8CD6-4D0103B40827}.Release|Any CPU.Build.0 = Release|Any CPU
	EndGlobalSection
	GlobalSection(SolutionProperties) = preSolution
		HideSolutionNode = FALSE
	EndGlobalSection
	GlobalSection(ExtensibilityGlobals) = postSolution
		SolutionGuid = {867E23EC-3207-405A-8210-BC516F339458}
	EndGlobalSection
EndGlobal
